// !$*UTF8*$!
{
	archiveVersion = 1;
	classes = {
	};
	objectVersion = 77;
	objects = {

/* Begin PBXFileSystemSynchronizedBuildFileExceptionSet section */
		569FB2A5B241B3D5DC867260 /* Exceptions for "Briefly" folder in "Briefly" target */ = {
			isa = PBXFileSystemSynchronizedBuildFileExceptionSet;
			membershipExceptions = (
				Resources/Info.plist,
			);
			target = 2E090580FF00BC3B34227A3F /* Briefly */;
		};
/* End PBXFileSystemSynchronizedBuildFileExceptionSet section */

/* Begin PBXFileSystemSynchronizedRootGroup section */
		491A1F85B2E4D9FE135AF387 /* Briefly */ = {
			isa = PBXFileSystemSynchronizedRootGroup;
			exceptions = (
				569FB2A5B241B3D5DC867260 /* Exceptions for "Briefly" folder in "Briefly" target */,
			);
			path = Briefly;
			sourceTree = "<group>";
		};
		BA1CFF28CF0E7C52B523CA78 /* BrieflyTests */ = {
			isa = PBXFileSystemSynchronizedRootGroup;
			path = BrieflyTests;
			sourceTree = "<group>";
		};
/* End PBXFileSystemSynchronizedRootGroup section */

/* Begin PBXFileReference section */
		DFFA05F2E2992EF814EADB83 /* Briefly.app */ = {isa = PBXFileReference; explicitFileType = wrapper.application; includeInIndex = 0; path = Briefly.app; sourceTree = BUILT_PRODUCTS_DIR; };
		9B504CC9C3AC8F066D32DBBD /* BrieflyTests.xctest */ = {isa = PBXFileReference; explicitFileType = wrapper.cfbundle; includeInIndex = 0; path = BrieflyTests.xctest; sourceTree = BUILT_PRODUCTS_DIR; };
/* End PBXFileReference section */

/* Begin PBXFrameworksBuildPhase section */
		5A4F4FF94A8C409FEBB9F0CF /* Frameworks */ = {
			isa = PBXFrameworksBuildPhase;
			buildActionMask = 2147483647;
			files = (
			);
			runOnlyForDeploymentPostprocessing = 0;
		};
		2292E4E717E408B48E71E1F1 /* Frameworks */ = {
			isa = PBXFrameworksBuildPhase;
			buildActionMask = 2147483647;
			files = (
			);
			runOnlyForDeploymentPostprocessing = 0;
		};
/* End PBXFrameworksBuildPhase section */

/* Begin PBXGroup section */
		DA9B451520546760B0E4074F = {
			isa = PBXGroup;
			children = (
				491A1F85B2E4D9FE135AF387 /* Briefly */,
				BA1CFF28CF0E7C52B523CA78 /* BrieflyTests */,
				B3CAF13B9278F4CA7E50CAC5 /* Products */,
			);
			sourceTree = "<group>";
		};
		B3CAF13B9278F4CA7E50CAC5 /* Products */ = {
			isa = PBXGroup;
			children = (
				DFFA05F2E2992EF814EADB83 /* Briefly.app */,
				9B504CC9C3AC8F066D32DBBD /* BrieflyTests.xctest */,
			);
			name = Products;
			sourceTree = "<group>";
		};
/* End PBXGroup section */

/* Begin PBXNativeTarget section */
		2E090580FF00BC3B34227A3F /* Briefly */ = {
			isa = PBXNativeTarget;
			buildConfigurationList = 148BEB803EC3E7F2C98E275B /* Build configuration list for PBXNativeTarget "Briefly" */;
			buildPhases = (
				6B55FBB3B76EF68DB9977C11 /* Sources */,
				5A4F4FF94A8C409FEBB9F0CF /* Frameworks */,
				B93F49476C81F25C31ECC5BD /* Resources */,
			);
			buildRules = (
			);
			dependencies = (
			);
			fileSystemSynchronizedGroups = (
				491A1F85B2E4D9FE135AF387 /* Briefly */,
			);
			name = Briefly;
			productName = Briefly;
			productReference = DFFA05F2E2992EF814EADB83 /* Briefly.app */;
			productType = "com.apple.product-type.application";
		};
		E89BE0F807345D15EF75EF68 /* BrieflyTests */ = {
			isa = PBXNativeTarget;
			buildConfigurationList = B259D6B838548CAF4FEF5324 /* Build configuration list for PBXNativeTarget "BrieflyTests" */;
			buildPhases = (
				DD79DC2C7CC5C9B924E00A55 /* Sources */,
				2292E4E717E408B48E71E1F1 /* Frameworks */,
				8FAA929B5C05CA321518D264 /* Resources */,
			);
			buildRules = (
			);
			dependencies = (
				EC98ABF185909C54A6400C97 /* PBXTargetDependency */,
			);
			fileSystemSynchronizedGroups = (
				BA1CFF28CF0E7C52B523CA78 /* BrieflyTests */,
			);
			name = BrieflyTests;
			productName = BrieflyTests;
			productReference = 9B504CC9C3AC8F066D32DBBD /* BrieflyTests.xctest */;
			productType = "com.apple.product-type.bundle.unit-test";
		};
/* End PBXNativeTarget section */

/* Begin PBXProject section */
		CACBFAFCD284D82D99EC9126 /* Project object */ = {
			isa = PBXProject;
			attributes = {
				BuildIndependentTargetsInParallel = 1;
				LastSwiftUpdateCheck = 1600;
				LastUpgradeCheck = 1600;
				TargetAttributes = {
					2E090580FF00BC3B34227A3F = {
						CreatedOnToolsVersion = 16.0;
					};
					E89BE0F807345D15EF75EF68 = {
						CreatedOnToolsVersion = 16.0;
						TestTargetID = 2E090580FF00BC3B34227A3F;
					};
				};
			};
			buildConfigurationList = 85774D9BF12F0A7A0A28DE94 /* Build configuration list for PBXProject "Briefly" */;
			compatibilityVersion = "Xcode 15.0";
			developmentRegion = en;
			hasScannedForEncodings = 0;
			knownRegions = (
				en,
				Base,
			);
			mainGroup = DA9B451520546760B0E4074F;
			minimizedProjectReferenceProxies = 1;
			preferredProjectObjectVersion = 77;
			productRefGroup = B3CAF13B9278F4CA7E50CAC5 /* Products */;
			projectDirPath = "";
			projectRoot = "";
			targets = (
				2E090580FF00BC3B34227A3F /* Briefly */,
				E89BE0F807345D15EF75EF68 /* BrieflyTests */,
			);
		};
/* End PBXProject section */

/* Begin PBXResourcesBuildPhase section */
		B93F49476C81F25C31ECC5BD /* Resources */ = {
			isa = PBXResourcesBuildPhase;
			buildActionMask = 2147483647;
			files = (
			);
			runOnlyForDeploymentPostprocessing = 0;
		};
		8FAA929B5C05CA321518D264 /* Resources */ = {
			isa = PBXResourcesBuildPhase;
			buildActionMask = 2147483647;
			files = (
			);
			runOnlyForDeploymentPostprocessing = 0;
		};
/* End PBXResourcesBuildPhase section */

/* Begin PBXSourcesBuildPhase section */
		6B55FBB3B76EF68DB9977C11 /* Sources */ = {
			isa = PBXSourcesBuildPhase;
			buildActionMask = 2147483647;
			files = (
			);
			runOnlyForDeploymentPostprocessing = 0;
		};
		DD79DC2C7CC5C9B924E00A55 /* Sources */ = {
			isa = PBXSourcesBuildPhase;
			buildActionMask = 2147483647;
			files = (
			);
			runOnlyForDeploymentPostprocessing = 0;
		};
/* End PBXSourcesBuildPhase section */

/* Begin PBXTargetDependency section */
		EC98ABF185909C54A6400C97 /* PBXTargetDependency */ = {
			isa = PBXTargetDependency;
			target = 2E090580FF00BC3B34227A3F /* Briefly */;
			targetProxy = A8443CBD2BEDF2FAC53398A9 /* PBXContainerItemProxy */;
		};
/* End PBXTargetDependency section */

/* Begin PBXContainerItemProxy section */
		A8443CBD2BEDF2FAC53398A9 /* PBXContainerItemProxy */ = {
			isa = PBXContainerItemProxy;
			containerPortal = CACBFAFCD284D82D99EC9126 /* Project object */;
			proxyType = 1;
			remoteGlobalIDString = 2E090580FF00BC3B34227A3F;
			remoteInfo = Briefly;
		};
/* End PBXContainerItemProxy section */

/* Begin XCBuildConfiguration section */
		DAEA9F67F40E62914D3638C7 /* Debug */ = {
			isa = XCBuildConfiguration;
			buildSettings = {
				ALWAYS_SEARCH_USER_PATHS = NO;
				ASSETCATALOG_COMPILER_GENERATE_SWIFT_ASSET_SYMBOL_EXTENSIONS = YES;
				CLANG_ANALYZER_NONNULL = YES;
				CLANG_ENABLE_MODULES = YES;
				CLANG_ENABLE_OBJC_ARC = YES;
				CLANG_WARN_DOCUMENTATION_COMMENTS = YES;
				CLANG_WARN_UNREACHABLE_CODE = YES;
				COPY_PHASE_STRIP = NO;
				DEBUG_INFORMATION_FORMAT = dwarf;
				ENABLE_STRICT_OBJC_MSGSEND = YES;
				ENABLE_TESTABILITY = YES;
				ENABLE_USER_SCRIPT_SANDBOXING = YES;
				GCC_C_LANGUAGE_STANDARD = gnu17;
				GCC_DYNAMIC_NO_PIC = NO;
				GCC_NO_COMMON_BLOCKS = YES;
				GCC_OPTIMIZATION_LEVEL = 0;
				GCC_PREPROCESSOR_DEFINITIONS = (
					"DEBUG=1",
					"$(inherited)",
				);
				GCC_WARN_UNINITIALIZED_AUTOS = YES_AGGRESSIVE;
				GCC_WARN_UNUSED_VARIABLE = YES;
				IPHONEOS_DEPLOYMENT_TARGET = 17.0;
				MTL_ENABLE_DEBUG_INFO = INCLUDE_SOURCE;
				MTL_FAST_MATH = YES;
				ONLY_ACTIVE_ARCH = YES;
				SDKROOT = iphoneos;
				SWIFT_ACTIVE_COMPILATION_CONDITIONS = "DEBUG $(inherited)";
				SWIFT_OPTIMIZATION_LEVEL = "-Onone";
				SWIFT_VERSION = 5.0;
			};
			name = Debug;
		};
		F36E28F3680E812CC3BFBE85 /* Release */ = {
			isa = XCBuildConfiguration;
			buildSettings = {
				ALWAYS_SEARCH_USER_PATHS = NO;
				ASSETCATALOG_COMPILER_GENERATE_SWIFT_ASSET_SYMBOL_EXTENSIONS = YES;
				CLANG_ANALYZER_NONNULL = YES;
				CLANG_ENABLE_MODULES = YES;
				CLANG_ENABLE_OBJC_ARC = YES;
				CLANG_WARN_DOCUMENTATION_COMMENTS = YES;
				CLANG_WARN_UNREACHABLE_CODE = YES;
				COPY_PHASE_STRIP = NO;
				DEBUG_INFORMATION_FORMAT = "dwarf-with-dsym";
				ENABLE_NS_ASSERTIONS = NO;
				ENABLE_STRICT_OBJC_MSGSEND = YES;
				ENABLE_USER_SCRIPT_SANDBOXING = YES;
				GCC_C_LANGUAGE_STANDARD = gnu17;
				GCC_NO_COMMON_BLOCKS = YES;
				GCC_WARN_UNINITIALIZED_AUTOS = YES_AGGRESSIVE;
				GCC_WARN_UNUSED_VARIABLE = YES;
				IPHONEOS_DEPLOYMENT_TARGET = 17.0;
				MTL_ENABLE_DEBUG_INFO = NO;
				MTL_FAST_MATH = YES;
				SDKROOT = iphoneos;
				SWIFT_COMPILATION_MODE = wholemodule;
				SWIFT_VERSION = 5.0;
				VALIDATE_PRODUCT = YES;
			};
			name = Release;
		};
		141D7A78BB39BCC27FC41EF0 /* Debug */ = {
			isa = XCBuildConfiguration;
			buildSettings = {
				ASSETCATALOG_COMPILER_APPICON_NAME = AppIcon;
				ASSETCATALOG_COMPILER_GLOBAL_ACCENT_COLOR_NAME = AccentColor;
				BRIEFLY_API_BASE_URL = "";
				CODE_SIGN_STYLE = Automatic;
				CURRENT_PROJECT_VERSION = 1;
				DEVELOPMENT_ASSET_PATHS = "";
				ENABLE_PREVIEWS = YES;
				GENERATE_INFOPLIST_FILE = NO;
				INFOPLIST_FILE = Briefly/Resources/Info.plist;
				LD_RUNPATH_SEARCH_PATHS = (
					"$(inherited)",
					"@executable_path/Frameworks",
				);
				MARKETING_VERSION = 1.0;
				PRODUCT_BUNDLE_IDENTIFIER = com.briefly.app;
				PRODUCT_NAME = "$(TARGET_NAME)";
				SUPPORTS_MACCATALYST = NO;
				SUPPORTS_MAC_DESIGNED_FOR_IPHONE_IPAD = NO;
				SWIFT_EMIT_LOC_STRINGS = YES;
				SWIFT_STRICT_CONCURRENCY = complete;
				TARGETED_DEVICE_FAMILY = 1;
			};
			name = Debug;
		};
		F0B325D8A39956D1F669B510 /* Release */ = {
			isa = XCBuildConfiguration;
			buildSettings = {
				ASSETCATALOG_COMPILER_APPICON_NAME = AppIcon;
				ASSETCATALOG_COMPILER_GLOBAL_ACCENT_COLOR_NAME = AccentColor;
				BRIEFLY_API_BASE_URL = "";
				CODE_SIGN_STYLE = Automatic;
				CURRENT_PROJECT_VERSION = 1;
				DEVELOPMENT_ASSET_PATHS = "";
				ENABLE_PREVIEWS = YES;
				GENERATE_INFOPLIST_FILE = NO;
				INFOPLIST_FILE = Briefly/Resources/Info.plist;
				LD_RUNPATH_SEARCH_PATHS = (
					"$(inherited)",
					"@executable_path/Frameworks",
				);
				MARKETING_VERSION = 1.0;
				PRODUCT_BUNDLE_IDENTIFIER = com.briefly.app;
				PRODUCT_NAME = "$(TARGET_NAME)";
				SUPPORTS_MACCATALYST = NO;
				SUPPORTS_MAC_DESIGNED_FOR_IPHONE_IPAD = NO;
				SWIFT_EMIT_LOC_STRINGS = YES;
				SWIFT_STRICT_CONCURRENCY = complete;
				TARGETED_DEVICE_FAMILY = 1;
			};
			name = Release;
		};
		C98E162B51D399147CADCCF7 /* Debug */ = {
			isa = XCBuildConfiguration;
			buildSettings = {
				BUNDLE_LOADER = "$(TEST_HOST)";
				CODE_SIGN_STYLE = Automatic;
				CURRENT_PROJECT_VERSION = 1;
				GENERATE_INFOPLIST_FILE = YES;
				MARKETING_VERSION = 1.0;
				PRODUCT_BUNDLE_IDENTIFIER = com.briefly.app.tests;
				PRODUCT_NAME = "$(TARGET_NAME)";
				SWIFT_EMIT_LOC_STRINGS = NO;
				TARGETED_DEVICE_FAMILY = 1;
				TEST_HOST = "$(BUILT_PRODUCTS_DIR)/Briefly.app/$(BUNDLE_EXECUTABLE_FOLDER_PATH)/Briefly";
			};
			name = Debug;
		};
		CBACA9BA84301A7A0C81795D /* Release */ = {
			isa = XCBuildConfiguration;
			buildSettings = {
				BUNDLE_LOADER = "$(TEST_HOST)";
				CODE_SIGN_STYLE = Automatic;
				CURRENT_PROJECT_VERSION = 1;
				GENERATE_INFOPLIST_FILE = YES;
				MARKETING_VERSION = 1.0;
				PRODUCT_BUNDLE_IDENTIFIER = com.briefly.app.tests;
				PRODUCT_NAME = "$(TARGET_NAME)";
				SWIFT_EMIT_LOC_STRINGS = NO;
				TARGETED_DEVICE_FAMILY = 1;
				TEST_HOST = "$(BUILT_PRODUCTS_DIR)/Briefly.app/$(BUNDLE_EXECUTABLE_FOLDER_PATH)/Briefly";
			};
			name = Release;
		};
/* End XCBuildConfiguration section */

/* Begin XCConfigurationList section */
		85774D9BF12F0A7A0A28DE94 /* Build configuration list for PBXProject "Briefly" */ = {
			isa = XCConfigurationList;
			buildConfigurations = (
				DAEA9F67F40E62914D3638C7 /* Debug */,
				F36E28F3680E812CC3BFBE85 /* Release */,
			);
			defaultConfigurationIsVisible = 0;
			defaultConfigurationName = Release;
		};
		148BEB803EC3E7F2C98E275B /* Build configuration list for PBXNativeTarget "Briefly" */ = {
			isa = XCConfigurationList;
			buildConfigurations = (
				141D7A78BB39BCC27FC41EF0 /* Debug */,
				F0B325D8A39956D1F669B510 /* Release */,
			);
			defaultConfigurationIsVisible = 0;
			defaultConfigurationName = Release;
		};
		B259D6B838548CAF4FEF5324 /* Build configuration list for PBXNativeTarget "BrieflyTests" */ = {
			isa = XCConfigurationList;
			buildConfigurations = (
				C98E162B51D399147CADCCF7 /* Debug */,
				CBACA9BA84301A7A0C81795D /* Release */,
			);
			defaultConfigurationIsVisible = 0;
			defaultConfigurationName = Release;
		};
/* End XCConfigurationList section */
	};
	rootObject = CACBFAFCD284D82D99EC9126 /* Project object */;
}
